{
  "name": "app",
  "lockfileVersion": 2,
  "requires": true,
  "packages": {
    "": {
      "dependencies": {
        "js-md5": "^0.7.3",
        "open-im-sdk": "^2.0.3"
      }
    },
    "node_modules/js-md5": {
      "version": "0.7.3",
      "resolved": "https://registry.npmjs.org/js-md5/-/js-md5-0.7.3.tgz",
      "integrity": "sha512-ZC41vPSTLKGwIRjqDh8DfXoCrdQIyBgspJVPXHBGu4nZlAEvG3nf+jO9avM9RmLiGakg7vz974ms99nEV0tmTQ=="
    },
    "node_modules/open-im-sdk": {
      "version": "2.0.3",
      "resolved": "https://registry.npmjs.org/open-im-sdk/-/open-im-sdk-2.0.3.tgz",
      "integrity": "sha512-zMOBGioLdr5rz+8SsaxI8WSMrHwlq1ObFQpLk72KkIVVK/Y7v5iT6LLh0tGsrN8oUBEW7VbnoTcXGgjGY5nslg=="
    }
  },
  "dependencies": {
    "js-md5": {
      "version": "0.7.3",
      "resolved": "https://registry.npmjs.org/js-md5/-/js-md5-0.7.3.tgz",
      "integrity": "sha512-ZC41vPSTLKGwIRjqDh8DfXoCrdQIyBgspJVPXHBGu4nZlAEvG3nf+jO9avM9RmLiGakg7vz974ms99nEV0tmTQ=="
    },
    "open-im-sdk": {
      "version": "2.0.3",
      "resolved": "https://registry.npmjs.org/open-im-sdk/-/open-im-sdk-2.0.3.tgz",
      "integrity": "sha512-zMOBGioLdr5rz+8SsaxI8WSMrHwlq1ObFQpLk72KkIVVK/Y7v5iT6LLh0tGsrN8oUBEW7VbnoTcXGgjGY5nslg=="
    }
  }
}
